
Microsoft Visual Studio Solution File, Format Version 12.00
# Visual Studio 15
VisualStudioVersion = 15.0.27428.2005
MinimumVisualStudioVersion = 10.0.40219.1
Project("{FAE04EC0-301F-11D3-BF4B-00C04F79EFBC}") = "RectangleAndCircle", "RectangleAndCircle\RectangleAndCircle.csproj", "{562BA9D9-9CD7-4F78-BA06-AFB4D1F4418D}"
EndProject
Global
	GlobalSection(SolutionConfigurationPlatforms) = preSolution
		Debug|Any CPU = Debug|Any CPU
		Release|Any CPU = Release|Any CPU
	EndGlobalSection
	GlobalSection(ProjectConfigurationPlatforms) = postSolution
		{562BA9D9-9CD7-4F78-BA06-AFB4D1F4418D}.Debug|Any CPU.ActiveCfg = Debug|Any CPU
		{562BA9D9-9CD7-4F78-BA06-AFB4D1F4418D}.Debug|Any CPU.Build.0 = Debug|Any CPU
		{562BA9D9-9CD7-4F78-BA06-AFB4D1F4418D}.Release|Any CPU.ActiveCfg = Release|Any CPU
		{562BA9D9-9CD7-4F78-BA06-AFB4D1F4418D}.Release|Any CPU.Build.0 = Release|Any CPU
	EndGlobalSection
	GlobalSection(SolutionProperties) = preSolution
		HideSolutionNode = FALSE
	EndGlobalSection
	GlobalSection(ExtensibilityGlobals) = postSolution
		SolutionGuid = {B054197A-1A48-4933-8843-CBE9AC33F281}
	EndGlobalSection
EndGlobal
